// !$*UTF8*$!
{
	archiveVersion = 1;
	classes = {
	};
	objectVersion = 56;
	objects = {

/* Begin PBXBuildFile section */
		E2991F2629CAAE8A0006E1BF /* HabitHobbitApp.swift in Sources */ = {isa = PBXBuildFile; fileRef = E2991F2529CAAE8A0006E1BF /* HabitHobbitApp.swift */; };
		E2991F2829CAAE8A0006E1BF /* ContentView.swift in Sources */ = {isa = PBXBuildFile; fileRef = E2991F2729CAAE8A0006E1BF /* ContentView.swift */; };
		E2991F2A29CAAE8D0006E1BF /* Assets.xcassets in Resources */ = {isa = PBXBuildFile; fileRef = E2991F2929CAAE8D0006E1BF /* Assets.xcassets */; };
		E2991F2D29CAAE8D0006E1BF /* Preview Assets.xcassets in Resources */ = {isa = PBXBuildFile; fileRef = E2991F2C29CAAE8D0006E1BF /* Preview Assets.xcassets */; };
		E2991F3729CAAE8E0006E1BF /* HabitHobbitTests.swift in Sources */ = {isa = PBXBuildFile; fileRef = E2991F3629CAAE8E0006E1BF /* HabitHobbitTests.swift */; };
		E2991F4129CAAE8E0006E1BF /* HabitHobbitUITests.swift in Sources */ = {isa = PBXBuildFile; fileRef = E2991F4029CAAE8E0006E1BF /* HabitHobbitUITests.swift */; };
		E2991F4329CAAE8E0006E1BF /* HabitHobbitUITestsLaunchTests.swift in Sources */ = {isa = PBXBuildFile; fileRef = E2991F4229CAAE8E0006E1BF /* HabitHobbitUITestsLaunchTests.swift */; };
		E2991F5029CAAED40006E1BF /* Models.swift in Sources */ = {isa = PBXBuildFile; fileRef = E2991F4F29CAAED40006E1BF /* Models.swift */; };
		E2991F5229CAB3710006E1BF /* NewActivitySheet.swift in Sources */ = {isa = PBXBuildFile; fileRef = E2991F5129CAB3710006E1BF /* NewActivitySheet.swift */; };
		E2991F5429CAD3FD0006E1BF /* Extensions.swift in Sources */ = {isa = PBXBuildFile; fileRef = E2991F5329CAD3FD0006E1BF /* Extensions.swift */; };
		E2991F5629CAD72B0006E1BF /* ActivityDetailView.swift in Sources */ = {isa = PBXBuildFile; fileRef = E2991F5529CAD72B0006E1BF /* ActivityDetailView.swift */; };
/* End PBXBuildFile section */

/* Begin PBXContainerItemProxy section */
		E2991F3329CAAE8E0006E1BF /* PBXContainerItemProxy */ = {
			isa = PBXContainerItemProxy;
			containerPortal = E2991F1A29CAAE8A0006E1BF /* Project object */;
			proxyType = 1;
			remoteGlobalIDString = E2991F2129CAAE8A0006E1BF;
			remoteInfo = HabitHobbit;
		};
		E2991F3D29CAAE8E0006E1BF /* PBXContainerItemProxy */ = {
			isa = PBXContainerItemProxy;
			containerPortal = E2991F1A29CAAE8A0006E1BF /* Project object */;
			proxyType = 1;
			remoteGlobalIDString = E2991F2129CAAE8A0006E1BF;
			remoteInfo = HabitHobbit;
		};
/* End PBXContainerItemProxy section */

/* Begin PBXFileReference section */
		E2991F2229CAAE8A0006E1BF /* HabitHobbit.app */ = {isa = PBXFileReference; explicitFileType = wrapper.application; includeInIndex = 0; path = HabitHobbit.app; sourceTree = BUILT_PRODUCTS_DIR; };
		E2991F2529CAAE8A0006E1BF /* HabitHobbitApp.swift */ = {isa = PBXFileReference; lastKnownFileType = sourcecode.swift; path = HabitHobbitApp.swift; sourceTree = "<group>"; };
		E2991F2729CAAE8A0006E1BF /* ContentView.swift */ = {isa = PBXFileReference; lastKnownFileType = sourcecode.swift; path = ContentView.swift; sourceTree = "<group>"; };
		E2991F2929CAAE8D0006E1BF /* Assets.xcassets */ = {isa = PBXFileReference; lastKnownFileType = folder.assetcatalog; path = Assets.xcassets; sourceTree = "<group>"; };
		E2991F2C29CAAE8D0006E1BF /* Preview Assets.xcassets */ = {isa = PBXFileReference; lastKnownFileType = folder.assetcatalog; path = "Preview Assets.xcassets"; sourceTree = "<group>"; };
		E2991F3229CAAE8E0006E1BF /* HabitHobbitTests.xctest */ = {isa = PBXFileReference; explicitFileType = wrapper.cfbundle; includeInIndex = 0; path = HabitHobbitTests.xctest; sourceTree = BUILT_PRODUCTS_DIR; };
		E2991F3629CAAE8E0006E1BF /* HabitHobbitTests.swift */ = {isa = PBXFileReference; lastKnownFileType = sourcecode.swift; path = HabitHobbitTests.swift; sourceTree = "<group>"; };
		E2991F3C29CAAE8E0006E1BF /* HabitHobbitUITests.xctest */ = {isa = PBXFileReference; explicitFileType = wrapper.cfbundle; includeInIndex = 0; path = HabitHobbitUITests.xctest; sourceTree = BUILT_PRODUCTS_DIR; };
		E2991F4029CAAE8E0006E1BF /* HabitHobbitUITests.swift */ = {isa = PBXFileReference; lastKnownFileType = sourcecode.swift; path = HabitHobbitUITests.swift; sourceTree = "<group>"; };
		E2991F4229CAAE8E0006E1BF /* HabitHobbitUITestsLaunchTests.swift */ = {isa = PBXFileReference; lastKnownFileType = sourcecode.swift; path = HabitHobbitUITestsLaunchTests.swift; sourceTree = "<group>"; };
		E2991F4F29CAAED40006E1BF /* Models.swift */ = {isa = PBXFileReference; lastKnownFileType = sourcecode.swift; path = Models.swift; sourceTree = "<group>"; };
		E2991F5129CAB3710006E1BF /* NewActivitySheet.swift */ = {isa = PBXFileReference; lastKnownFileType = sourcecode.swift; path = NewActivitySheet.swift; sourceTree = "<group>"; };
		E2991F5329CAD3FD0006E1BF /* Extensions.swift */ = {isa = PBXFileReference; lastKnownFileType = sourcecode.swift; path = Extensions.swift; sourceTree = "<group>"; };
		E2991F5529CAD72B0006E1BF /* ActivityDetailView.swift */ = {isa = PBXFileReference; lastKnownFileType = sourcecode.swift; path = ActivityDetailView.swift; sourceTree = "<group>"; };
/* End PBXFileReference section */

/* Begin PBXFrameworksBuildPhase section */
		E2991F1F29CAAE8A0006E1BF /* Frameworks */ = {
			isa = PBXFrameworksBuildPhase;
			buildActionMask = 2147483647;
			files = (
			);
			runOnlyForDeploymentPostprocessing = 0;
		};
		E2991F2F29CAAE8E0006E1BF /* Frameworks */ = {
			isa = PBXFrameworksBuildPhase;
			buildActionMask = 2147483647;
			files = (
			);
			runOnlyForDeploymentPostprocessing = 0;
		};
		E2991F3929CAAE8E0006E1BF /* Frameworks */ = {
			isa = PBXFrameworksBuildPhase;
			buildActionMask = 2147483647;
			files = (
			);
			runOnlyForDeploymentPostprocessing = 0;
		};
/* End PBXFrameworksBuildPhase section */

/* Begin PBXGroup section */
		E2991F1929CAAE8A0006E1BF = {
			isa = PBXGroup;
			children = (
				E2991F2429CAAE8A0006E1BF /* HabitHobbit */,
				E2991F3529CAAE8E0006E1BF /* HabitHobbitTests */,
				E2991F3F29CAAE8E0006E1BF /* HabitHobbitUITests */,
				E2991F2329CAAE8A0006E1BF /* Products */,
			);
			sourceTree = "<group>";
		};
		E2991F2329CAAE8A0006E1BF /* Products */ = {
			isa = PBXGroup;
			children = (
				E2991F2229CAAE8A0006E1BF /* HabitHobbit.app */,
				E2991F3229CAAE8E0006E1BF /* HabitHobbitTests.xctest */,
				E2991F3C29CAAE8E0006E1BF /* HabitHobbitUITests.xctest */,
			);
			name = Products;
			sourceTree = "<group>";
		};
		E2991F2429CAAE8A0006E1BF /* HabitHobbit */ = {
			isa = PBXGroup;
			children = (
				E2991F2529CAAE8A0006E1BF /* HabitHobbitApp.swift */,
				E2991F2729CAAE8A0006E1BF /* ContentView.swift */,
				E2991F5529CAD72B0006E1BF /* ActivityDetailView.swift */,
				E2991F5129CAB3710006E1BF /* NewActivitySheet.swift */,
				E2991F4F29CAAED40006E1BF /* Models.swift */,
				E2991F5329CAD3FD0006E1BF /* Extensions.swift */,
				E2991F2929CAAE8D0006E1BF /* Assets.xcassets */,
				E2991F2B29CAAE8D0006E1BF /* Preview Content */,
			);
			path = HabitHobbit;
			sourceTree = "<group>";
		};
		E2991F2B29CAAE8D0006E1BF /* Preview Content */ = {
			isa = PBXGroup;
			children = (
				E2991F2C29CAAE8D0006E1BF /* Preview Assets.xcassets */,
			);
			path = "Preview Content";
			sourceTree = "<group>";
		};
		E2991F3529CAAE8E0006E1BF /* HabitHobbitTests */ = {
			isa = PBXGroup;
			children = (
				E2991F3629CAAE8E0006E1BF /* HabitHobbitTests.swift */,
			);
			path = HabitHobbitTests;
			sourceTree = "<group>";
		};
		E2991F3F29CAAE8E0006E1BF /* HabitHobbitUITests */ = {
			isa = PBXGroup;
			children = (
				E2991F4029CAAE8E0006E1BF /* HabitHobbitUITests.swift */,
				E2991F4229CAAE8E0006E1BF /* HabitHobbitUITestsLaunchTests.swift */,
			);
			path = HabitHobbitUITests;
			sourceTree = "<group>";
		};
/* End PBXGroup section */

/* Begin PBXNativeTarget section */
		E2991F2129CAAE8A0006E1BF /* HabitHobbit */ = {
			isa = PBXNativeTarget;
			buildConfigurationList = E2991F4629CAAE8E0006E1BF /* Build configuration list for PBXNativeTarget "HabitHobbit" */;
			buildPhases = (
				E2991F1E29CAAE8A0006E1BF /* Sources */,
				E2991F1F29CAAE8A0006E1BF /* Frameworks */,
				E2991F2029CAAE8A0006E1BF /* Resources */,
			);
			buildRules = (
			);
			dependencies = (
			);
			name = HabitHobbit;
			productName = HabitHobbit;
			productReference = E2991F2229CAAE8A0006E1BF /* HabitHobbit.app */;
			productType = "com.apple.product-type.application";
		};
		E2991F3129CAAE8E0006E1BF /* HabitHobbitTests */ = {
			isa = PBXNativeTarget;
			buildConfigurationList = E2991F4929CAAE8E0006E1BF /* Build configuration list for PBXNativeTarget "HabitHobbitTests" */;
			buildPhases = (
				E2991F2E29CAAE8E0006E1BF /* Sources */,
				E2991F2F29CAAE8E0006E1BF /* Frameworks */,
				E2991F3029CAAE8E0006E1BF /* Resources */,
			);
			buildRules = (
			);
			dependencies = (
				E2991F3429CAAE8E0006E1BF /* PBXTargetDependency */,
			);
			name = HabitHobbitTests;
			productName = HabitHobbitTests;
			productReference = E2991F3229CAAE8E0006E1BF /* HabitHobbitTests.xctest */;
			productType = "com.apple.product-type.bundle.unit-test";
		};
		E2991F3B29CAAE8E0006E1BF /* HabitHobbitUITests */ = {
			isa = PBXNativeTarget;
			buildConfigurationList = E2991F4C29CAAE8E0006E1BF /* Build configuration list for PBXNativeTarget "HabitHobbitUITests" */;
			buildPhases = (
				E2991F3829CAAE8E0006E1BF /* Sources */,
				E2991F3929CAAE8E0006E1BF /* Frameworks */,
				E2991F3A29CAAE8E0006E1BF /* Resources */,
			);
			buildRules = (
			);
			dependencies = (
				E2991F3E29CAAE8E0006E1BF /* PBXTargetDependency */,
			);
			name = HabitHobbitUITests;
			productName = HabitHobbitUITests;
			productReference = E2991F3C29CAAE8E0006E1BF /* HabitHobbitUITests.xctest */;
			productType = "com.apple.product-type.bundle.ui-testing";
		};
/* End PBXNativeTarget section */

/* Begin PBXProject section */
		E2991F1A29CAAE8A0006E1BF /* Project object */ = {
			isa = PBXProject;
			attributes = {
				BuildIndependentTargetsInParallel = 1;
				LastSwiftUpdateCheck = 1420;
				LastUpgradeCheck = 1420;
				TargetAttributes = {
					E2991F2129CAAE8A0006E1BF = {
						CreatedOnToolsVersion = 14.2;
					};
					E2991F3129CAAE8E0006E1BF = {
						CreatedOnToolsVersion = 14.2;
						TestTargetID = E2991F2129CAAE8A0006E1BF;
					};
					E2991F3B29CAAE8E0006E1BF = {
						CreatedOnToolsVersion = 14.2;
						TestTargetID = E2991F2129CAAE8A0006E1BF;
					};
				};
			};
			buildConfigurationList = E2991F1D29CAAE8A0006E1BF /* Build configuration list for PBXProject "HabitHobbit" */;
			compatibilityVersion = "Xcode 14.0";
			developmentRegion = en;
			hasScannedForEncodings = 0;
			knownRegions = (
				en,
				Base,
			);
			mainGroup = E2991F1929CAAE8A0006E1BF;
			productRefGroup = E2991F2329CAAE8A0006E1BF /* Products */;
			projectDirPath = "";
			projectRoot = "";
			targets = (
				E2991F2129CAAE8A0006E1BF /* HabitHobbit */,
				E2991F3129CAAE8E0006E1BF /* HabitHobbitTests */,
				E2991F3B29CAAE8E0006E1BF /* HabitHobbitUITests */,
			);
		};
/* End PBXProject section */

/* Begin PBXResourcesBuildPhase section */
		E2991F2029CAAE8A0006E1BF /* Resources */ = {
			isa = PBXResourcesBuildPhase;
			buildActionMask = 2147483647;
			files = (
				E2991F2D29CAAE8D0006E1BF /* Preview Assets.xcassets in Resources */,
				E2991F2A29CAAE8D0006E1BF /* Assets.xcassets in Resources */,
			);
			runOnlyForDeploymentPostprocessing = 0;
		};
		E2991F3029CAAE8E0006E1BF /* Resources */ = {
			isa = PBXResourcesBuildPhase;
			buildActionMask = 2147483647;
			files = (
			);
			runOnlyForDeploymentPostprocessing = 0;
		};
		E2991F3A29CAAE8E0006E1BF /* Resources */ = {
			isa = PBXResourcesBuildPhase;
			buildActionMask = 2147483647;
			files = (
			);
			runOnlyForDeploymentPostprocessing = 0;
		};
/* End PBXResourcesBuildPhase section */

/* Begin PBXSourcesBuildPhase section */
		E2991F1E29CAAE8A0006E1BF /* Sources */ = {
			isa = PBXSourcesBuildPhase;
			buildActionMask = 2147483647;
			files = (
				E2991F5429CAD3FD0006E1BF /* Extensions.swift in Sources */,
				E2991F5029CAAED40006E1BF /* Models.swift in Sources */,
				E2991F5629CAD72B0006E1BF /* ActivityDetailView.swift in Sources */,
				E2991F5229CAB3710006E1BF /* NewActivitySheet.swift in Sources */,
				E2991F2829CAAE8A0006E1BF /* ContentView.swift in Sources */,
				E2991F2629CAAE8A0006E1BF /* HabitHobbitApp.swift in Sources */,
			);
			runOnlyForDeploymentPostprocessing = 0;
		};
		E2991F2E29CAAE8E0006E1BF /* Sources */ = {
			isa = PBXSourcesBuildPhase;
			buildActionMask = 2147483647;
			files = (
				E2991F3729CAAE8E0006E1BF /* HabitHobbitTests.swift in Sources */,
			);
			runOnlyForDeploymentPostprocessing = 0;
		};
		E2991F3829CAAE8E0006E1BF /* Sources */ = {
			isa = PBXSourcesBuildPhase;
			buildActionMask = 2147483647;
			files = (
				E2991F4129CAAE8E0006E1BF /* HabitHobbitUITests.swift in Sources */,
				E2991F4329CAAE8E0006E1BF /* HabitHobbitUITestsLaunchTests.swift in Sources */,
			);
			runOnlyForDeploymentPostprocessing = 0;
		};
/* End PBXSourcesBuildPhase section */

/* Begin PBXTargetDependency section */
		E2991F3429CAAE8E0006E1BF /* PBXTargetDependency */ = {
			isa = PBXTargetDependency;
			target = E2991F2129CAAE8A0006E1BF /* HabitHobbit */;
			targetProxy = E2991F3329CAAE8E0006E1BF /* PBXContainerItemProxy */;
		};
		E2991F3E29CAAE8E0006E1BF /* PBXTargetDependency */ = {
			isa = PBXTargetDependency;
			target = E2991F2129CAAE8A0006E1BF /* HabitHobbit */;
			targetProxy = E2991F3D29CAAE8E0006E1BF /* PBXContainerItemProxy */;
		};
/* End PBXTargetDependency section */

/* Begin XCBuildConfiguration section */
		E2991F4429CAAE8E0006E1BF /* Debug */ = {
			isa = XCBuildConfiguration;
			buildSettings = {
				ALWAYS_SEARCH_USER_PATHS = NO;
				CLANG_ANALYZER_NONNULL = YES;
				CLANG_ANALYZER_NUMBER_OBJECT_CONVERSION = YES_AGGRESSIVE;
				CLANG_CXX_LANGUAGE_STANDARD = "gnu++20";
				CLANG_ENABLE_MODULES = YES;
				CLANG_ENABLE_OBJC_ARC = YES;
				CLANG_ENABLE_OBJC_WEAK = YES;
				CLANG_WARN_BLOCK_CAPTURE_AUTORELEASING = YES;
				CLANG_WARN_BOOL_CONVERSION = YES;
				CLANG_WARN_COMMA = YES;
				CLANG_WARN_CONSTANT_CONVERSION = YES;
				CLANG_WARN_DEPRECATED_OBJC_IMPLEMENTATIONS = YES;
				CLANG_WARN_DIRECT_OBJC_ISA_USAGE = YES_ERROR;
				CLANG_WARN_DOCUMENTATION_COMMENTS = YES;
				CLANG_WARN_EMPTY_BODY = YES;
				CLANG_WARN_ENUM_CONVERSION = YES;
				CLANG_WARN_INFINITE_RECURSION = YES;
				CLANG_WARN_INT_CONVERSION = YES;
				CLANG_WARN_NON_LITERAL_NULL_CONVERSION = YES;
				CLANG_WARN_OBJC_IMPLICIT_RETAIN_SELF = YES;
				CLANG_WARN_OBJC_LITERAL_CONVERSION = YES;
				CLANG_WARN_OBJC_ROOT_CLASS = YES_ERROR;
				CLANG_WARN_QUOTED_INCLUDE_IN_FRAMEWORK_HEADER = YES;
				CLANG_WARN_RANGE_LOOP_ANALYSIS = YES;
				CLANG_WARN_STRICT_PROTOTYPES = YES;
				CLANG_WARN_SUSPICIOUS_MOVE = YES;
				CLANG_WARN_UNGUARDED_AVAILABILITY = YES_AGGRESSIVE;
				CLANG_WARN_UNREACHABLE_CODE = YES;
				CLANG_WARN__DUPLICATE_METHOD_MATCH = YES;
				COPY_PHASE_STRIP = NO;
				DEBUG_INFORMATION_FORMAT = dwarf;
				ENABLE_STRICT_OBJC_MSGSEND = YES;
				ENABLE_TESTABILITY = YES;
				GCC_C_LANGUAGE_STANDARD = gnu11;
				GCC_DYNAMIC_NO_PIC = NO;
				GCC_NO_COMMON_BLOCKS = YES;
				GCC_OPTIMIZATION_LEVEL = 0;
				GCC_PREPROCESSOR_DEFINITIONS = (
					"DEBUG=1",
					"$(inherited)",
				);
				GCC_WARN_64_TO_32_BIT_CONVERSION = YES;
				GCC_WARN_ABOUT_RETURN_TYPE = YES_ERROR;
				GCC_WARN_UNDECLARED_SELECTOR = YES;
				GCC_WARN_UNINITIALIZED_AUTOS = YES_AGGRESSIVE;
				GCC_WARN_UNUSED_FUNCTION = YES;
				GCC_WARN_UNUSED_VARIABLE = YES;
				IPHONEOS_DEPLOYMENT_TARGET = 16.2;
				MTL_ENABLE_DEBUG_INFO = INCLUDE_SOURCE;
				MTL_FAST_MATH = YES;
				ONLY_ACTIVE_ARCH = YES;
				SDKROOT = iphoneos;
				SWIFT_ACTIVE_COMPILATION_CONDITIONS = DEBUG;
				SWIFT_OPTIMIZATION_LEVEL = "-Onone";
			};
			name = Debug;
		};
		E2991F4529CAAE8E0006E1BF /* Release */ = {
			isa = XCBuildConfiguration;
			buildSettings = {
				ALWAYS_SEARCH_USER_PATHS = NO;
				CLANG_ANALYZER_NONNULL = YES;
				CLANG_ANALYZER_NUMBER_OBJECT_CONVERSION = YES_AGGRESSIVE;
				CLANG_CXX_LANGUAGE_STANDARD = "gnu++20";
				CLANG_ENABLE_MODULES = YES;
				CLANG_ENABLE_OBJC_ARC = YES;
				CLANG_ENABLE_OBJC_WEAK = YES;
				CLANG_WARN_BLOCK_CAPTURE_AUTORELEASING = YES;
				CLANG_WARN_BOOL_CONVERSION = YES;
				CLANG_WARN_COMMA = YES;
				CLANG_WARN_CONSTANT_CONVERSION = YES;
				CLANG_WARN_DEPRECATED_OBJC_IMPLEMENTATIONS = YES;
				CLANG_WARN_DIRECT_OBJC_ISA_USAGE = YES_ERROR;
				CLANG_WARN_DOCUMENTATION_COMMENTS = YES;
				CLANG_WARN_EMPTY_BODY = YES;
				CLANG_WARN_ENUM_CONVERSION = YES;
				CLANG_WARN_INFINITE_RECURSION = YES;
				CLANG_WARN_INT_CONVERSION = YES;
				CLANG_WARN_NON_LITERAL_NULL_CONVERSION = YES;
				CLANG_WARN_OBJC_IMPLICIT_RETAIN_SELF = YES;
				CLANG_WARN_OBJC_LITERAL_CONVERSION = YES;
				CLANG_WARN_OBJC_ROOT_CLASS = YES_ERROR;
				CLANG_WARN_QUOTED_INCLUDE_IN_FRAMEWORK_HEADER = YES;
				CLANG_WARN_RANGE_LOOP_ANALYSIS = YES;
				CLANG_WARN_STRICT_PROTOTYPES = YES;
				CLANG_WARN_SUSPICIOUS_MOVE = YES;
				CLANG_WARN_UNGUARDED_AVAILABILITY = YES_AGGRESSIVE;
				CLANG_WARN_UNREACHABLE_CODE = YES;
				CLANG_WARN__DUPLICATE_METHOD_MATCH = YES;
				COPY_PHASE_STRIP = NO;
				DEBUG_INFORMATION_FORMAT = "dwarf-with-dsym";
				ENABLE_NS_ASSERTIONS = NO;
				ENABLE_STRICT_OBJC_MSGSEND = YES;
				GCC_C_LANGUAGE_STANDARD = gnu11;
				GCC_NO_COMMON_BLOCKS = YES;
				GCC_WARN_64_TO_32_BIT_CONVERSION = YES;
				GCC_WARN_ABOUT_RETURN_TYPE = YES_ERROR;
				GCC_WARN_UNDECLARED_SELECTOR = YES;
				GCC_WARN_UNINITIALIZED_AUTOS = YES_AGGRESSIVE;
				GCC_WARN_UNUSED_FUNCTION = YES;
				GCC_WARN_UNUSED_VARIABLE = YES;
				IPHONEOS_DEPLOYMENT_TARGET = 16.2;
				MTL_ENABLE_DEBUG_INFO = NO;
				MTL_FAST_MATH = YES;
				SDKROOT = iphoneos;
				SWIFT_COMPILATION_MODE = wholemodule;
				SWIFT_OPTIMIZATION_LEVEL = "-O";
				VALIDATE_PRODUCT = YES;
			};
			name = Release;
		};
		E2991F4729CAAE8E0006E1BF /* Debug */ = {
			isa = XCBuildConfiguration;
			buildSettings = {
				ASSETCATALOG_COMPILER_APPICON_NAME = AppIcon;
				ASSETCATALOG_COMPILER_GLOBAL_ACCENT_COLOR_NAME = AccentColor;
				CODE_SIGN_STYLE = Automatic;
				CURRENT_PROJECT_VERSION = 1;
				DEVELOPMENT_ASSET_PATHS = "\"HabitHobbit/Preview Content\"";
				DEVELOPMENT_TEAM = 49JL8262M2;
				ENABLE_PREVIEWS = YES;
				GENERATE_INFOPLIST_FILE = YES;
				INFOPLIST_KEY_UIApplicationSceneManifest_Generation = YES;
				INFOPLIST_KEY_UIApplicationSupportsIndirectInputEvents = YES;
				INFOPLIST_KEY_UILaunchScreen_Generation = YES;
				INFOPLIST_KEY_UISupportedInterfaceOrientations_iPad = "UIInterfaceOrientationPortrait UIInterfaceOrientationPortraitUpsideDown UIInterfaceOrientationLandscapeLeft UIInterfaceOrientationLandscapeRight";
				INFOPLIST_KEY_UISupportedInterfaceOrientations_iPhone = "UIInterfaceOrientationPortrait UIInterfaceOrientationLandscapeLeft UIInterfaceOrientationLandscapeRight";
				LD_RUNPATH_SEARCH_PATHS = (
					"$(inherited)",
					"@executable_path/Frameworks",
				);
				MARKETING_VERSION = 1.0;
				PRODUCT_BUNDLE_IDENTIFIER = com.prakhartrivedi.HabitHobbit;
				PRODUCT_NAME = "$(TARGET_NAME)";
				SWIFT_EMIT_LOC_STRINGS = YES;
				SWIFT_VERSION = 5.0;
				TARGETED_DEVICE_FAMILY = "1,2";
			};
			name = Debug;
		};
		E2991F4829CAAE8E0006E1BF /* Release */ = {
			isa = XCBuildConfiguration;
			buildSettings = {
				ASSETCATALOG_COMPILER_APPICON_NAME = AppIcon;
				ASSETCATALOG_COMPILER_GLOBAL_ACCENT_COLOR_NAME = AccentColor;
				CODE_SIGN_STYLE = Automatic;
				CURRENT_PROJECT_VERSION = 1;
				DEVELOPMENT_ASSET_PATHS = "\"HabitHobbit/Preview Content\"";
				DEVELOPMENT_TEAM = 49JL8262M2;
				ENABLE_PREVIEWS = YES;
				GENERATE_INFOPLIST_FILE = YES;
				INFOPLIST_KEY_UIApplicationSceneManifest_Generation = YES;
				INFOPLIST_KEY_UIApplicationSupportsIndirectInputEvents = YES;
				INFOPLIST_KEY_UILaunchScreen_Generation = YES;
				INFOPLIST_KEY_UISupportedInterfaceOrientations_iPad = "UIInterfaceOrientationPortrait UIInterfaceOrientationPortraitUpsideDown UIInterfaceOrientationLandscapeLeft UIInterfaceOrientationLandscapeRight";
				INFOPLIST_KEY_UISupportedInterfaceOrientations_iPhone = "UIInterfaceOrientationPortrait UIInterfaceOrientationLandscapeLeft UIInterfaceOrientationLandscapeRight";
				LD_RUNPATH_SEARCH_PATHS = (
					"$(inherited)",
					"@executable_path/Frameworks",
				);
				MARKETING_VERSION = 1.0;
				PRODUCT_BUNDLE_IDENTIFIER = com.prakhartrivedi.HabitHobbit;
				PRODUCT_NAME = "$(TARGET_NAME)";
				SWIFT_EMIT_LOC_STRINGS = YES;
				SWIFT_VERSION = 5.0;
				TARGETED_DEVICE_FAMILY = "1,2";
			};
			name = Release;
		};
		E2991F4A29CAAE8E0006E1BF /* Debug */ = {
			isa = XCBuildConfiguration;
			buildSettings = {
				ALWAYS_EMBED_SWIFT_STANDARD_LIBRARIES = YES;
				BUNDLE_LOADER = "$(TEST_HOST)";
				CODE_SIGN_STYLE = Automatic;
				CURRENT_PROJECT_VERSION = 1;
				DEVELOPMENT_TEAM = 49JL8262M2;
				GENERATE_INFOPLIST_FILE = YES;
				IPHONEOS_DEPLOYMENT_TARGET = 16.2;
				MARKETING_VERSION = 1.0;
				PRODUCT_BUNDLE_IDENTIFIER = com.prakhartrivedi.HabitHobbitTests;
				PRODUCT_NAME = "$(TARGET_NAME)";
				SWIFT_EMIT_LOC_STRINGS = NO;
				SWIFT_VERSION = 5.0;
				TARGETED_DEVICE_FAMILY = "1,2";
				TEST_HOST = "$(BUILT_PRODUCTS_DIR)/HabitHobbit.app/$(BUNDLE_EXECUTABLE_FOLDER_PATH)/HabitHobbit";
			};
			name = Debug;
		};
		E2991F4B29CAAE8E0006E1BF /* Release */ = {
			isa = XCBuildConfiguration;
			buildSettings = {
				ALWAYS_EMBED_SWIFT_STANDARD_LIBRARIES = YES;
				BUNDLE_LOADER = "$(TEST_HOST)";
				CODE_SIGN_STYLE = Automatic;
				CURRENT_PROJECT_VERSION = 1;
				DEVELOPMENT_TEAM = 49JL8262M2;
				GENERATE_INFOPLIST_FILE = YES;
				IPHONEOS_DEPLOYMENT_TARGET = 16.2;
				MARKETING_VERSION = 1.0;
				PRODUCT_BUNDLE_IDENTIFIER = com.prakhartrivedi.HabitHobbitTests;
				PRODUCT_NAME = "$(TARGET_NAME)";
				SWIFT_EMIT_LOC_STRINGS = NO;
				SWIFT_VERSION = 5.0;
				TARGETED_DEVICE_FAMILY = "1,2";
				TEST_HOST = "$(BUILT_PRODUCTS_DIR)/HabitHobbit.app/$(BUNDLE_EXECUTABLE_FOLDER_PATH)/HabitHobbit";
			};
			name = Release;
		};
		E2991F4D29CAAE8E0006E1BF /* Debug */ = {
			isa = XCBuildConfiguration;
			buildSettings = {
				ALWAYS_EMBED_SWIFT_STANDARD_LIBRARIES = YES;
				CODE_SIGN_STYLE = Automatic;
				CURRENT_PROJECT_VERSION = 1;
				DEVELOPMENT_TEAM = 49JL8262M2;
				GENERATE_INFOPLIST_FILE = YES;
				MARKETING_VERSION = 1.0;
				PRODUCT_BUNDLE_IDENTIFIER = com.prakhartrivedi.HabitHobbitUITests;
				PRODUCT_NAME = "$(TARGET_NAME)";
				SWIFT_EMIT_LOC_STRINGS = NO;
				SWIFT_VERSION = 5.0;
				TARGETED_DEVICE_FAMILY = "1,2";
				TEST_TARGET_NAME = HabitHobbit;
			};
			name = Debug;
		};
		E2991F4E29CAAE8E0006E1BF /* Release */ = {
			isa = XCBuildConfiguration;
			buildSettings = {
				ALWAYS_EMBED_SWIFT_STANDARD_LIBRARIES = YES;
				CODE_SIGN_STYLE = Automatic;
				CURRENT_PROJECT_VERSION = 1;
				DEVELOPMENT_TEAM = 49JL8262M2;
				GENERATE_INFOPLIST_FILE = YES;
				MARKETING_VERSION = 1.0;
				PRODUCT_BUNDLE_IDENTIFIER = com.prakhartrivedi.HabitHobbitUITests;
				PRODUCT_NAME = "$(TARGET_NAME)";
				SWIFT_EMIT_LOC_STRINGS = NO;
				SWIFT_VERSION = 5.0;
				TARGETED_DEVICE_FAMILY = "1,2";
				TEST_TARGET_NAME = HabitHobbit;
			};
			name = Release;
		};
/* End XCBuildConfiguration section */

/* Begin XCConfigurationList section */
		E2991F1D29CAAE8A0006E1BF /* Build configuration list for PBXProject "HabitHobbit" */ = {
			isa = XCConfigurationList;
			buildConfigurations = (
				E2991F4429CAAE8E0006E1BF /* Debug */,
				E2991F4529CAAE8E0006E1BF /* Release */,
			);
			defaultConfigurationIsVisible = 0;
			defaultConfigurationName = Release;
		};
		E2991F4629CAAE8E0006E1BF /* Build configuration list for PBXNativeTarget "HabitHobbit" */ = {
			isa = XCConfigurationList;
			buildConfigurations = (
				E2991F4729CAAE8E0006E1BF /* Debug */,
				E2991F4829CAAE8E0006E1BF /* Release */,
			);
			defaultConfigurationIsVisible = 0;
			defaultConfigurationName = Release;
		};
		E2991F4929CAAE8E0006E1BF /* Build configuration list for PBXNativeTarget "HabitHobbitTests" */ = {
			isa = XCConfigurationList;
			buildConfigurations = (
				E2991F4A29CAAE8E0006E1BF /* Debug */,
				E2991F4B29CAAE8E0006E1BF /* Release */,
			);
			defaultConfigurationIsVisible = 0;
			defaultConfigurationName = Release;
		};
		E2991F4C29CAAE8E0006E1BF /* Build configuration list for PBXNativeTarget "HabitHobbitUITests" */ = {
			isa = XCConfigurationList;
			buildConfigurations = (
				E2991F4D29CAAE8E0006E1BF /* Debug */,
				E2991F4E29CAAE8E0006E1BF /* Release */,
			);
			defaultConfigurationIsVisible = 0;
			defaultConfigurationName = Release;
		};
/* End XCConfigurationList section */
	};
	rootObject = E2991F1A29CAAE8A0006E1BF /* Project object */;
}
